// !$*UTF8*$!
{
	archiveVersion = 1;
	classes = {
	};
	objectVersion = 46;
	objects = {

/* Begin PBXBuildFile section */
		F31920C11D3F27AD006448C2 /* RedFlower.sks in Resources */ = {isa = PBXBuildFile; fileRef = F31920C01D3F27AD006448C2 /* RedFlower.sks */; };
		F31920C31D3F2801006448C2 /* MSReferenceNode.swift in Sources */ = {isa = PBXBuildFile; fileRef = F31920C21D3F2801006448C2 /* MSReferenceNode.swift */; };
		F32E66821D4923F800FD1BBE /* BlueEye.sks in Resources */ = {isa = PBXBuildFile; fileRef = F32E66811D4923F800FD1BBE /* BlueEye.sks */; };
		F32E66841D49467800FD1BBE /* Eye.swift in Sources */ = {isa = PBXBuildFile; fileRef = F32E66831D49467800FD1BBE /* Eye.swift */; };
		F34B378A1D355AE400E50116 /* GameScene.sks in Resources */ = {isa = PBXBuildFile; fileRef = F34B37891D355AE400E50116 /* GameScene.sks */; };
		F34B378C1D358E8C00E50116 /* CircleFit.swift in Sources */ = {isa = PBXBuildFile; fileRef = F34B378B1D358E8C00E50116 /* CircleFit.swift */; };
		F34B378E1D35901100E50116 /* CircleGestureRecognizer.swift in Sources */ = {isa = PBXBuildFile; fileRef = F34B378D1D35901100E50116 /* CircleGestureRecognizer.swift */; };
		F34B37931D36A7CB00E50116 /* HourglassGestureRecognizer.swift in Sources */ = {isa = PBXBuildFile; fileRef = F34B37921D36A7CB00E50116 /* HourglassGestureRecognizer.swift */; };
		F34B37951D36A7D400E50116 /* HourglassFit.swift in Sources */ = {isa = PBXBuildFile; fileRef = F34B37941D36A7D400E50116 /* HourglassFit.swift */; };
		F34B379A1D36B0CE00E50116 /* HorizontalGestureRecognizer.swift in Sources */ = {isa = PBXBuildFile; fileRef = F34B37991D36B0CE00E50116 /* HorizontalGestureRecognizer.swift */; };
		F34B379C1D36B17D00E50116 /* LineFit.swift in Sources */ = {isa = PBXBuildFile; fileRef = F34B379B1D36B17D00E50116 /* LineFit.swift */; };
		F34B37A41D37FA1200E50116 /* VerticalGestureRecognizer.swift in Sources */ = {isa = PBXBuildFile; fileRef = F34B37A31D37FA1200E50116 /* VerticalGestureRecognizer.swift */; };
		F34B37A61D37FF1900E50116 /* LeafGestureRecognizer.swift in Sources */ = {isa = PBXBuildFile; fileRef = F34B37A51D37FF1900E50116 /* LeafGestureRecognizer.swift */; };
		F34B37AE1D380BC300E50116 /* InfinityFit.swift in Sources */ = {isa = PBXBuildFile; fileRef = F34B37AD1D380BC300E50116 /* InfinityFit.swift */; };
		F34B37B01D380BD000E50116 /* InfinityGestureRecognizer.swift in Sources */ = {isa = PBXBuildFile; fileRef = F34B37AF1D380BD000E50116 /* InfinityGestureRecognizer.swift */; };
		F34B37B51D38363B00E50116 /* VFit.swift in Sources */ = {isa = PBXBuildFile; fileRef = F34B37B41D38363B00E50116 /* VFit.swift */; };
		F34B37B71D3836B800E50116 /* VGestureRecognition.swift in Sources */ = {isa = PBXBuildFile; fileRef = F34B37B61D3836B800E50116 /* VGestureRecognition.swift */; };
		F34B37BD1D395DBF00E50116 /* LightningGestureRecognizer.swift in Sources */ = {isa = PBXBuildFile; fileRef = F34B37BC1D395DBF00E50116 /* LightningGestureRecognizer.swift */; };
		F34B37BF1D39795800E50116 /* MSButtonNode.swift in Sources */ = {isa = PBXBuildFile; fileRef = F34B37BE1D39795800E50116 /* MSButtonNode.swift */; };
		F35815F81D4A7CD9007888C3 /* BlueFlower.sks in Resources */ = {isa = PBXBuildFile; fileRef = F35815F71D4A7CD9007888C3 /* BlueFlower.sks */; };
		F35815FA1D4A7D7D007888C3 /* YellowFlower.sks in Resources */ = {isa = PBXBuildFile; fileRef = F35815F91D4A7D7D007888C3 /* YellowFlower.sks */; };
		F35815FD1D4A7DF6007888C3 /* YellowEye.sks in Resources */ = {isa = PBXBuildFile; fileRef = F35815FC1D4A7DF6007888C3 /* YellowEye.sks */; };
		F35815FF1D4A7EAF007888C3 /* BlueMushroom.sks in Resources */ = {isa = PBXBuildFile; fileRef = F35815FE1D4A7EAF007888C3 /* BlueMushroom.sks */; };
		F35816051D4A7FC9007888C3 /* BlueSprout.sks in Resources */ = {isa = PBXBuildFile; fileRef = F35816041D4A7FC9007888C3 /* BlueSprout.sks */; };
		F35816081D4A8051007888C3 /* Tree.sks in Resources */ = {isa = PBXBuildFile; fileRef = F35816071D4A8051007888C3 /* Tree.sks */; };
		F358160B1D4BEF89007888C3 /* YellowSpider.sks in Resources */ = {isa = PBXBuildFile; fileRef = F358160A1D4BEF89007888C3 /* YellowSpider.sks */; };
		F358160D1D4BF05F007888C3 /* BlueSpider.sks in Resources */ = {isa = PBXBuildFile; fileRef = F358160C1D4BF05F007888C3 /* BlueSpider.sks */; };
		F35816111D4BF503007888C3 /* Spider.swift in Sources */ = {isa = PBXBuildFile; fileRef = F35816101D4BF503007888C3 /* Spider.swift */; };
		F37A96541D35580F00367524 /* AppDelegate.swift in Sources */ = {isa = PBXBuildFile; fileRef = F37A96531D35580F00367524 /* AppDelegate.swift */; };
		F37A96581D35580F00367524 /* GameScene.swift in Sources */ = {isa = PBXBuildFile; fileRef = F37A96571D35580F00367524 /* GameScene.swift */; };
		F37A965A1D35580F00367524 /* GameViewController.swift in Sources */ = {isa = PBXBuildFile; fileRef = F37A96591D35580F00367524 /* GameViewController.swift */; };
		F37A965D1D35580F00367524 /* Main.storyboard in Resources */ = {isa = PBXBuildFile; fileRef = F37A965B1D35580F00367524 /* Main.storyboard */; };
		F37A965F1D35580F00367524 /* Assets.xcassets in Resources */ = {isa = PBXBuildFile; fileRef = F37A965E1D35580F00367524 /* Assets.xcassets */; };
		F37A96621D35580F00367524 /* LaunchScreen.storyboard in Resources */ = {isa = PBXBuildFile; fileRef = F37A96601D35580F00367524 /* LaunchScreen.storyboard */; };
		F37A966D1D35580F00367524 /* UnsealTests.swift in Sources */ = {isa = PBXBuildFile; fileRef = F37A966C1D35580F00367524 /* UnsealTests.swift */; };
		F37A96781D35580F00367524 /* UnsealUITests.swift in Sources */ = {isa = PBXBuildFile; fileRef = F37A96771D35580F00367524 /* UnsealUITests.swift */; };
		F37A96861D35582800367524 /* DrawingHandler.swift in Sources */ = {isa = PBXBuildFile; fileRef = F37A96851D35582800367524 /* DrawingHandler.swift */; };
		F37A96881D3558D100367524 /* DrawView.swift in Sources */ = {isa = PBXBuildFile; fileRef = F37A96871D3558D100367524 /* DrawView.swift */; };
		F386BEEA1D3FDB0D005006BA /* SpellActions.sks in Resources */ = {isa = PBXBuildFile; fileRef = F386BEE91D3FDB0D005006BA /* SpellActions.sks */; };
		F386BEEC1D3FDB6E005006BA /* Spell1.sks in Resources */ = {isa = PBXBuildFile; fileRef = F386BEEB1D3FDB6E005006BA /* Spell1.sks */; };
		F386BEEE1D3FDDE0005006BA /* Spell2.sks in Resources */ = {isa = PBXBuildFile; fileRef = F386BEED1D3FDDE0005006BA /* Spell2.sks */; };
		F386BEF01D3FDE9A005006BA /* Spell3.sks in Resources */ = {isa = PBXBuildFile; fileRef = F386BEEF1D3FDE9A005006BA /* Spell3.sks */; };
		F386BEF21D3FF99F005006BA /* RedSprout.sks in Resources */ = {isa = PBXBuildFile; fileRef = F386BEF11D3FF99F005006BA /* RedSprout.sks */; };
		F386BEF41D3FF9C8005006BA /* BlueFroguana.sks in Resources */ = {isa = PBXBuildFile; fileRef = F386BEF31D3FF9C8005006BA /* BlueFroguana.sks */; };
		F386BEF81D3FFA11005006BA /* RedMushroom.sks in Resources */ = {isa = PBXBuildFile; fileRef = F386BEF71D3FFA11005006BA /* RedMushroom.sks */; };
		F386BEFA1D4017A9005006BA /* Flower.swift in Sources */ = {isa = PBXBuildFile; fileRef = F386BEF91D4017A9005006BA /* Flower.swift */; };
		F386BEFC1D4017DA005006BA /* Monster.swift in Sources */ = {isa = PBXBuildFile; fileRef = F386BEFB1D4017DA005006BA /* Monster.swift */; };
		F386BEFE1D401DF4005006BA /* Spell4.sks in Resources */ = {isa = PBXBuildFile; fileRef = F386BEFD1D401DF4005006BA /* Spell4.sks */; };
		F386BF001D403580005006BA /* Sprout.swift in Sources */ = {isa = PBXBuildFile; fileRef = F386BEFF1D403580005006BA /* Sprout.swift */; };
		F386BF021D403789005006BA /* Mushroom.swift in Sources */ = {isa = PBXBuildFile; fileRef = F386BF011D403789005006BA /* Mushroom.swift */; };
		F386BF041D4037B7005006BA /* Froguana.swift in Sources */ = {isa = PBXBuildFile; fileRef = F386BF031D4037B7005006BA /* Froguana.swift */; };
		F386BF081D4053D8005006BA /* Spell5.sks in Resources */ = {isa = PBXBuildFile; fileRef = F386BF071D4053D8005006BA /* Spell5.sks */; };
		F386BF0C1D40557D005006BA /* MobActions.sks in Resources */ = {isa = PBXBuildFile; fileRef = F386BF0B1D40557D005006BA /* MobActions.sks */; };
		F39394591D42B81A00072CDC /* cursor.sks in Resources */ = {isa = PBXBuildFile; fileRef = F39394581D42B81A00072CDC /* cursor.sks */; };
		F3945BB51D468D160063FC47 /* MainScene.sks in Resources */ = {isa = PBXBuildFile; fileRef = F3945BB41D468D160063FC47 /* MainScene.sks */; };
		F3945BB91D46AA660063FC47 /* EntityManager.swift in Sources */ = {isa = PBXBuildFile; fileRef = F3945BB81D46AA660063FC47 /* EntityManager.swift */; };
		F3945BBB1D46D1B20063FC47 /* MainScene.swift in Sources */ = {isa = PBXBuildFile; fileRef = F3945BBA1D46D1B20063FC47 /* MainScene.swift */; };
		F3945BBF1D47DDBE0063FC47 /* MainViewController.swift in Sources */ = {isa = PBXBuildFile; fileRef = F3945BBE1D47DDBE0063FC47 /* MainViewController.swift */; };
/* End PBXBuildFile section */

/* Begin PBXContainerItemProxy section */
		F37A96691D35580F00367524 /* PBXContainerItemProxy */ = {
			isa = PBXContainerItemProxy;
			containerPortal = F37A96481D35580F00367524 /* Project object */;
			proxyType = 1;
			remoteGlobalIDString = F37A964F1D35580F00367524;
			remoteInfo = Unseal;
		};
		F37A96741D35580F00367524 /* PBXContainerItemProxy */ = {
			isa = PBXContainerItemProxy;
			containerPortal = F37A96481D35580F00367524 /* Project object */;
			proxyType = 1;
			remoteGlobalIDString = F37A964F1D35580F00367524;
			remoteInfo = Unseal;
		};
/* End PBXContainerItemProxy section */

/* Begin PBXFileReference section */
		F31920C01D3F27AD006448C2 /* RedFlower.sks */ = {isa = PBXFileReference; lastKnownFileType = file.sks; path = RedFlower.sks; sourceTree = "<group>"; };
		F31920C21D3F2801006448C2 /* MSReferenceNode.swift */ = {isa = PBXFileReference; fileEncoding = 4; lastKnownFileType = sourcecode.swift; path = MSReferenceNode.swift; sourceTree = "<group>"; };
		F32E66811D4923F800FD1BBE /* BlueEye.sks */ = {isa = PBXFileReference; lastKnownFileType = file.sks; path = BlueEye.sks; sourceTree = "<group>"; };
		F32E66831D49467800FD1BBE /* Eye.swift */ = {isa = PBXFileReference; fileEncoding = 4; lastKnownFileType = sourcecode.swift; path = Eye.swift; sourceTree = "<group>"; };
		F34B37891D355AE400E50116 /* GameScene.sks */ = {isa = PBXFileReference; lastKnownFileType = file.sks; name = GameScene.sks; path = ../GameScene.sks; sourceTree = "<group>"; };
		F34B378B1D358E8C00E50116 /* CircleFit.swift */ = {isa = PBXFileReference; fileEncoding = 4; lastKnownFileType = sourcecode.swift; path = CircleFit.swift; sourceTree = "<group>"; };
		F34B378D1D35901100E50116 /* CircleGestureRecognizer.swift */ = {isa = PBXFileReference; fileEncoding = 4; lastKnownFileType = sourcecode.swift; path = CircleGestureRecognizer.swift; sourceTree = "<group>"; };
		F34B37921D36A7CB00E50116 /* HourglassGestureRecognizer.swift */ = {isa = PBXFileReference; fileEncoding = 4; lastKnownFileType = sourcecode.swift; name = HourglassGestureRecognizer.swift; path = ../HourglassGestureRecognizer.swift; sourceTree = "<group>"; };
		F34B37941D36A7D400E50116 /* HourglassFit.swift */ = {isa = PBXFileReference; fileEncoding = 4; lastKnownFileType = sourcecode.swift; path = HourglassFit.swift; sourceTree = "<group>"; };
		F34B37991D36B0CE00E50116 /* HorizontalGestureRecognizer.swift */ = {isa = PBXFileReference; fileEncoding = 4; lastKnownFileType = sourcecode.swift; path = HorizontalGestureRecognizer.swift; sourceTree = "<group>"; };
		F34B379B1D36B17D00E50116 /* LineFit.swift */ = {isa = PBXFileReference; fileEncoding = 4; lastKnownFileType = sourcecode.swift; path = LineFit.swift; sourceTree = "<group>"; };
		F34B37A31D37FA1200E50116 /* VerticalGestureRecognizer.swift */ = {isa = PBXFileReference; fileEncoding = 4; lastKnownFileType = sourcecode.swift; path = VerticalGestureRecognizer.swift; sourceTree = "<group>"; };
		F34B37A51D37FF1900E50116 /* LeafGestureRecognizer.swift */ = {isa = PBXFileReference; fileEncoding = 4; lastKnownFileType = sourcecode.swift; path = LeafGestureRecognizer.swift; sourceTree = "<group>"; };
		F34B37AD1D380BC300E50116 /* InfinityFit.swift */ = {isa = PBXFileReference; fileEncoding = 4; lastKnownFileType = sourcecode.swift; path = InfinityFit.swift; sourceTree = "<group>"; };
		F34B37AF1D380BD000E50116 /* InfinityGestureRecognizer.swift */ = {isa = PBXFileReference; fileEncoding = 4; lastKnownFileType = sourcecode.swift; path = InfinityGestureRecognizer.swift; sourceTree = "<group>"; };
		F34B37B41D38363B00E50116 /* VFit.swift */ = {isa = PBXFileReference; fileEncoding = 4; lastKnownFileType = sourcecode.swift; path = VFit.swift; sourceTree = "<group>"; };
		F34B37B61D3836B800E50116 /* VGestureRecognition.swift */ = {isa = PBXFileReference; fileEncoding = 4; lastKnownFileType = sourcecode.swift; path = VGestureRecognition.swift; sourceTree = "<group>"; };
		F34B37BC1D395DBF00E50116 /* LightningGestureRecognizer.swift */ = {isa = PBXFileReference; fileEncoding = 4; lastKnownFileType = sourcecode.swift; path = LightningGestureRecognizer.swift; sourceTree = "<group>"; };
		F34B37BE1D39795800E50116 /* MSButtonNode.swift */ = {isa = PBXFileReference; fileEncoding = 4; lastKnownFileType = sourcecode.swift; path = MSButtonNode.swift; sourceTree = "<group>"; };
		F35815F71D4A7CD9007888C3 /* BlueFlower.sks */ = {isa = PBXFileReference; lastKnownFileType = file.sks; path = BlueFlower.sks; sourceTree = "<group>"; };
		F35815F91D4A7D7D007888C3 /* YellowFlower.sks */ = {isa = PBXFileReference; lastKnownFileType = file.sks; path = YellowFlower.sks; sourceTree = "<group>"; };
		F35815FC1D4A7DF6007888C3 /* YellowEye.sks */ = {isa = PBXFileReference; lastKnownFileType = file.sks; path = YellowEye.sks; sourceTree = "<group>"; };
		F35815FE1D4A7EAF007888C3 /* BlueMushroom.sks */ = {isa = PBXFileReference; lastKnownFileType = file.sks; path = BlueMushroom.sks; sourceTree = "<group>"; };
		F35816041D4A7FC9007888C3 /* BlueSprout.sks */ = {isa = PBXFileReference; lastKnownFileType = file.sks; path = BlueSprout.sks; sourceTree = "<group>"; };
		F35816071D4A8051007888C3 /* Tree.sks */ = {isa = PBXFileReference; lastKnownFileType = file.sks; path = Tree.sks; sourceTree = "<group>"; };
		F358160A1D4BEF89007888C3 /* YellowSpider.sks */ = {isa = PBXFileReference; lastKnownFileType = file.sks; path = YellowSpider.sks; sourceTree = "<group>"; };
		F358160C1D4BF05F007888C3 /* BlueSpider.sks */ = {isa = PBXFileReference; lastKnownFileType = file.sks; path = BlueSpider.sks; sourceTree = "<group>"; };
		F35816101D4BF503007888C3 /* Spider.swift */ = {isa = PBXFileReference; fileEncoding = 4; lastKnownFileType = sourcecode.swift; path = Spider.swift; sourceTree = "<group>"; };
		F37A96501D35580F00367524 /* Unseal.app */ = {isa = PBXFileReference; explicitFileType = wrapper.application; includeInIndex = 0; path = Unseal.app; sourceTree = BUILT_PRODUCTS_DIR; };
		F37A96531D35580F00367524 /* AppDelegate.swift */ = {isa = PBXFileReference; lastKnownFileType = sourcecode.swift; path = AppDelegate.swift; sourceTree = "<group>"; };
		F37A96571D35580F00367524 /* GameScene.swift */ = {isa = PBXFileReference; lastKnownFileType = sourcecode.swift; path = GameScene.swift; sourceTree = "<group>"; };
		F37A96591D35580F00367524 /* GameViewController.swift */ = {isa = PBXFileReference; lastKnownFileType = sourcecode.swift; path = GameViewController.swift; sourceTree = "<group>"; };
		F37A965C1D35580F00367524 /* Base */ = {isa = PBXFileReference; lastKnownFileType = file.storyboard; name = Base; path = Base.lproj/Main.storyboard; sourceTree = "<group>"; };
		F37A965E1D35580F00367524 /* Assets.xcassets */ = {isa = PBXFileReference; lastKnownFileType = folder.assetcatalog; path = Assets.xcassets; sourceTree = "<group>"; };
		F37A96611D35580F00367524 /* Base */ = {isa = PBXFileReference; lastKnownFileType = file.storyboard; name = Base; path = Base.lproj/LaunchScreen.storyboard; sourceTree = "<group>"; };
		F37A96631D35580F00367524 /* Info.plist */ = {isa = PBXFileReference; lastKnownFileType = text.plist.xml; path = Info.plist; sourceTree = "<group>"; };
		F37A96681D35580F00367524 /* UnsealTests.xctest */ = {isa = PBXFileReference; explicitFileType = wrapper.cfbundle; includeInIndex = 0; path = UnsealTests.xctest; sourceTree = BUILT_PRODUCTS_DIR; };
		F37A966C1D35580F00367524 /* UnsealTests.swift */ = {isa = PBXFileReference; lastKnownFileType = sourcecode.swift; path = UnsealTests.swift; sourceTree = "<group>"; };
		F37A966E1D35580F00367524 /* Info.plist */ = {isa = PBXFileReference; lastKnownFileType = text.plist.xml; path = Info.plist; sourceTree = "<group>"; };
		F37A96731D35580F00367524 /* UnsealUITests.xctest */ = {isa = PBXFileReference; explicitFileType = wrapper.cfbundle; includeInIndex = 0; path = UnsealUITests.xctest; sourceTree = BUILT_PRODUCTS_DIR; };
		F37A96771D35580F00367524 /* UnsealUITests.swift */ = {isa = PBXFileReference; lastKnownFileType = sourcecode.swift; path = UnsealUITests.swift; sourceTree = "<group>"; };
		F37A96791D35580F00367524 /* Info.plist */ = {isa = PBXFileReference; lastKnownFileType = text.plist.xml; path = Info.plist; sourceTree = "<group>"; };
		F37A96851D35582800367524 /* DrawingHandler.swift */ = {isa = PBXFileReference; fileEncoding = 4; lastKnownFileType = sourcecode.swift; path = DrawingHandler.swift; sourceTree = "<group>"; };
		F37A96871D3558D100367524 /* DrawView.swift */ = {isa = PBXFileReference; fileEncoding = 4; lastKnownFileType = sourcecode.swift; path = DrawView.swift; sourceTree = "<group>"; };
		F386BEE91D3FDB0D005006BA /* SpellActions.sks */ = {isa = PBXFileReference; lastKnownFileType = file.sks; path = SpellActions.sks; sourceTree = "<group>"; };
		F386BEEB1D3FDB6E005006BA /* Spell1.sks */ = {isa = PBXFileReference; lastKnownFileType = file.sks; path = Spell1.sks; sourceTree = "<group>"; };
		F386BEED1D3FDDE0005006BA /* Spell2.sks */ = {isa = PBXFileReference; lastKnownFileType = file.sks; path = Spell2.sks; sourceTree = "<group>"; };
		F386BEEF1D3FDE9A005006BA /* Spell3.sks */ = {isa = PBXFileReference; lastKnownFileType = file.sks; path = Spell3.sks; sourceTree = "<group>"; };
		F386BEF11D3FF99F005006BA /* RedSprout.sks */ = {isa = PBXFileReference; lastKnownFileType = file.sks; path = RedSprout.sks; sourceTree = "<group>"; };
		F386BEF31D3FF9C8005006BA /* BlueFroguana.sks */ = {isa = PBXFileReference; lastKnownFileType = file.sks; path = BlueFroguana.sks; sourceTree = "<group>"; };
		F386BEF71D3FFA11005006BA /* RedMushroom.sks */ = {isa = PBXFileReference; lastKnownFileType = file.sks; name = RedMushroom.sks; path = ../RedMushroom.sks; sourceTree = "<group>"; };
		F386BEF91D4017A9005006BA /* Flower.swift */ = {isa = PBXFileReference; fileEncoding = 4; lastKnownFileType = sourcecode.swift; path = Flower.swift; sourceTree = "<group>"; };
		F386BEFB1D4017DA005006BA /* Monster.swift */ = {isa = PBXFileReference; fileEncoding = 4; lastKnownFileType = sourcecode.swift; path = Monster.swift; sourceTree = "<group>"; };
		F386BEFD1D401DF4005006BA /* Spell4.sks */ = {isa = PBXFileReference; lastKnownFileType = file.sks; path = Spell4.sks; sourceTree = "<group>"; };
		F386BEFF1D403580005006BA /* Sprout.swift */ = {isa = PBXFileReference; fileEncoding = 4; lastKnownFileType = sourcecode.swift; path = Sprout.swift; sourceTree = "<group>"; };
		F386BF011D403789005006BA /* Mushroom.swift */ = {isa = PBXFileReference; fileEncoding = 4; lastKnownFileType = sourcecode.swift; path = Mushroom.swift; sourceTree = "<group>"; };
		F386BF031D4037B7005006BA /* Froguana.swift */ = {isa = PBXFileReference; fileEncoding = 4; lastKnownFileType = sourcecode.swift; path = Froguana.swift; sourceTree = "<group>"; };
		F386BF071D4053D8005006BA /* Spell5.sks */ = {isa = PBXFileReference; lastKnownFileType = file.sks; path = Spell5.sks; sourceTree = "<group>"; };
		F386BF0B1D40557D005006BA /* MobActions.sks */ = {isa = PBXFileReference; lastKnownFileType = file.sks; path = MobActions.sks; sourceTree = "<group>"; };
		F39394581D42B81A00072CDC /* cursor.sks */ = {isa = PBXFileReference; lastKnownFileType = file.sks; path = cursor.sks; sourceTree = "<group>"; };
		F3945BB41D468D160063FC47 /* MainScene.sks */ = {isa = PBXFileReference; lastKnownFileType = file.sks; path = MainScene.sks; sourceTree = "<group>"; };
		F3945BB81D46AA660063FC47 /* EntityManager.swift */ = {isa = PBXFileReference; fileEncoding = 4; lastKnownFileType = sourcecode.swift; path = EntityManager.swift; sourceTree = "<group>"; };
		F3945BBA1D46D1B20063FC47 /* MainScene.swift */ = {isa = PBXFileReference; fileEncoding = 4; lastKnownFileType = sourcecode.swift; name = MainScene.swift; path = ../MainScene.swift; sourceTree = "<group>"; };
		F3945BBE1D47DDBE0063FC47 /* MainViewController.swift */ = {isa = PBXFileReference; fileEncoding = 4; lastKnownFileType = sourcecode.swift; path = MainViewController.swift; sourceTree = "<group>"; };
/* End PBXFileReference section */

/* Begin PBXFrameworksBuildPhase section */
		F37A964D1D35580F00367524 /* Frameworks */ = {
			isa = PBXFrameworksBuildPhase;
			buildActionMask = 2147483647;
			files = (
			);
			runOnlyForDeploymentPostprocessing = 0;
		};
		F37A96651D35580F00367524 /* Frameworks */ = {
			isa = PBXFrameworksBuildPhase;
			buildActionMask = 2147483647;
			files = (
			);
			runOnlyForDeploymentPostprocessing = 0;
		};
		F37A96701D35580F00367524 /* Frameworks */ = {
			isa = PBXFrameworksBuildPhase;
			buildActionMask = 2147483647;
			files = (
			);
			runOnlyForDeploymentPostprocessing = 0;
		};
/* End PBXFrameworksBuildPhase section */

/* Begin PBXGroup section */
		F34B378F1D35A28F00E50116 /* Circle */ = {
			isa = PBXGroup;
			children = (
				F34B378B1D358E8C00E50116 /* CircleFit.swift */,
				F34B378D1D35901100E50116 /* CircleGestureRecognizer.swift */,
			);
			name = Circle;
			sourceTree = "<group>";
		};
		F34B37961D36A7DC00E50116 /* Hourglass */ = {
			isa = PBXGroup;
			children = (
				F34B37941D36A7D400E50116 /* HourglassFit.swift */,
				F34B37921D36A7CB00E50116 /* HourglassGestureRecognizer.swift */,
			);
			name = Hourglass;
			sourceTree = "<group>";
		};
		F34B37971D36A7F500E50116 /* Gesture */ = {
			isa = PBXGroup;
			children = (
				F37A96871D3558D100367524 /* DrawView.swift */,
				F37A96851D35582800367524 /* DrawingHandler.swift */,
				F34B37B91D395DA200E50116 /* Lightning */,
				F34B37B31D38362E00E50116 /* V */,
				F34B379E1D36BC9F00E50116 /* Infinity */,
				F34B37961D36A7DC00E50116 /* Hourglass */,
				F34B379F1D36BCA500E50116 /* Leaf */,
				F34B37981D36B0B600E50116 /* Line */,
				F34B378F1D35A28F00E50116 /* Circle */,
			);
			name = Gesture;
			sourceTree = "<group>";
		};
		F34B37981D36B0B600E50116 /* Line */ = {
			isa = PBXGroup;
			children = (
				F34B379B1D36B17D00E50116 /* LineFit.swift */,
				F34B37991D36B0CE00E50116 /* HorizontalGestureRecognizer.swift */,
				F34B37A31D37FA1200E50116 /* VerticalGestureRecognizer.swift */,
			);
			name = Line;
			sourceTree = "<group>";
		};
		F34B379E1D36BC9F00E50116 /* Infinity */ = {
			isa = PBXGroup;
			children = (
				F34B37AD1D380BC300E50116 /* InfinityFit.swift */,
				F34B37AF1D380BD000E50116 /* InfinityGestureRecognizer.swift */,
			);
			name = Infinity;
			sourceTree = "<group>";
		};
		F34B379F1D36BCA500E50116 /* Leaf */ = {
			isa = PBXGroup;
			children = (
				F34B37A51D37FF1900E50116 /* LeafGestureRecognizer.swift */,
			);
			name = Leaf;
			sourceTree = "<group>";
		};
		F34B37B31D38362E00E50116 /* V */ = {
			isa = PBXGroup;
			children = (
				F34B37B41D38363B00E50116 /* VFit.swift */,
				F34B37B61D3836B800E50116 /* VGestureRecognition.swift */,
			);
			name = V;
			sourceTree = "<group>";
		};
		F34B37B91D395DA200E50116 /* Lightning */ = {
			isa = PBXGroup;
			children = (
				F34B37BC1D395DBF00E50116 /* LightningGestureRecognizer.swift */,
			);
			name = Lightning;
			sourceTree = "<group>";
		};
		F34B37D11D3D9C5E00E50116 /* Entities */ = {
			isa = PBXGroup;
			children = (
				F386BF061D4037DF005006BA /* swift */,
				F386BF051D4037CE005006BA /* sks */,
			);
			name = Entities;
			sourceTree = "<group>";
		};
		F34B37D21D3D9C7700E50116 /* Resources */ = {
			isa = PBXGroup;
			children = (
				F34B37BE1D39795800E50116 /* MSButtonNode.swift */,
				F31920C21D3F2801006448C2 /* MSReferenceNode.swift */,
			);
			name = Resources;
			sourceTree = "<group>";
		};
		F35815FB1D4A7DC6007888C3 /* Flower */ = {
			isa = PBXGroup;
			children = (
				F35815F71D4A7CD9007888C3 /* BlueFlower.sks */,
				F31920C01D3F27AD006448C2 /* RedFlower.sks */,
				F35815F91D4A7D7D007888C3 /* YellowFlower.sks */,
			);
			name = Flower;
			sourceTree = "<group>";
		};
		F35816001D4A7F76007888C3 /* Mushroom */ = {
			isa = PBXGroup;
			children = (
				F386BEF71D3FFA11005006BA /* RedMushroom.sks */,
				F35815FE1D4A7EAF007888C3 /* BlueMushroom.sks */,
			);
			name = Mushroom;
			sourceTree = "<group>";
		};
		F35816011D4A7F8E007888C3 /* Eye */ = {
			isa = PBXGroup;
			children = (
				F35815FC1D4A7DF6007888C3 /* YellowEye.sks */,
				F32E66811D4923F800FD1BBE /* BlueEye.sks */,
			);
			name = Eye;
			sourceTree = "<group>";
		};
		F35816031D4A7FBF007888C3 /* Sprout */ = {
			isa = PBXGroup;
			children = (
				F386BEF11D3FF99F005006BA /* RedSprout.sks */,
				F35816041D4A7FC9007888C3 /* BlueSprout.sks */,
			);
			name = Sprout;
			sourceTree = "<group>";
		};
		F35816061D4A8031007888C3 /* Frog */ = {
			isa = PBXGroup;
			children = (
				F386BEF31D3FF9C8005006BA /* BlueFroguana.sks */,
			);
			name = Frog;
			sourceTree = "<group>";
		};
		F35816091D4BEF70007888C3 /* Spider */ = {
			isa = PBXGroup;
			children = (
				F358160A1D4BEF89007888C3 /* YellowSpider.sks */,
				F358160C1D4BF05F007888C3 /* BlueSpider.sks */,
			);
			name = Spider;
			sourceTree = "<group>";
		};
		F37A96471D35580F00367524 = {
			isa = PBXGroup;
			children = (
				F37A96521D35580F00367524 /* Unseal */,
				F37A966B1D35580F00367524 /* UnsealTests */,
				F37A96761D35580F00367524 /* UnsealUITests */,
				F37A96511D35580F00367524 /* Products */,
			);
			sourceTree = "<group>";
		};
		F37A96511D35580F00367524 /* Products */ = {
			isa = PBXGroup;
			children = (
				F37A96501D35580F00367524 /* Unseal.app */,
				F37A96681D35580F00367524 /* UnsealTests.xctest */,
				F37A96731D35580F00367524 /* UnsealUITests.xctest */,
			);
			name = Products;
			sourceTree = "<group>";
		};
		F37A96521D35580F00367524 /* Unseal */ = {
			isa = PBXGroup;
			children = (
				F37A96531D35580F00367524 /* AppDelegate.swift */,
				F3945BBE1D47DDBE0063FC47 /* MainViewController.swift */,
				F3945BB41D468D160063FC47 /* MainScene.sks */,
				F3945BBA1D46D1B20063FC47 /* MainScene.swift */,
				F37A96591D35580F00367524 /* GameViewController.swift */,
				F34B37891D355AE400E50116 /* GameScene.sks */,
				F37A96571D35580F00367524 /* GameScene.swift */,
				F3945BB81D46AA660063FC47 /* EntityManager.swift */,
				F386BEE71D3FDACD005006BA /* Spells */,
				F34B37D21D3D9C7700E50116 /* Resources */,
				F34B37D11D3D9C5E00E50116 /* Entities */,
				F34B37971D36A7F500E50116 /* Gesture */,
				F37A965E1D35580F00367524 /* Assets.xcassets */,
				F37A965B1D35580F00367524 /* Main.storyboard */,
				F37A96601D35580F00367524 /* LaunchScreen.storyboard */,
				F37A96631D35580F00367524 /* Info.plist */,
			);
			path = Unseal;
			sourceTree = "<group>";
		};
		F37A966B1D35580F00367524 /* UnsealTests */ = {
			isa = PBXGroup;
			children = (
				F37A966C1D35580F00367524 /* UnsealTests.swift */,
				F37A966E1D35580F00367524 /* Info.plist */,
			);
			path = UnsealTests;
			sourceTree = "<group>";
		};
		F37A96761D35580F00367524 /* UnsealUITests */ = {
			isa = PBXGroup;
			children = (
				F37A96771D35580F00367524 /* UnsealUITests.swift */,
				F37A96791D35580F00367524 /* Info.plist */,
			);
			path = UnsealUITests;
			sourceTree = "<group>";
		};
		F386BEE71D3FDACD005006BA /* Spells */ = {
			isa = PBXGroup;
			children = (
				F386BEE91D3FDB0D005006BA /* SpellActions.sks */,
				F386BEEB1D3FDB6E005006BA /* Spell1.sks */,
				F386BEED1D3FDDE0005006BA /* Spell2.sks */,
				F386BEEF1D3FDE9A005006BA /* Spell3.sks */,
				F386BEFD1D401DF4005006BA /* Spell4.sks */,
				F386BF071D4053D8005006BA /* Spell5.sks */,
			);
			name = Spells;
			sourceTree = "<group>";
		};
		F386BF051D4037CE005006BA /* sks */ = {
			isa = PBXGroup;
			children = (
				F386BF0B1D40557D005006BA /* MobActions.sks */,
				F35816031D4A7FBF007888C3 /* Sprout */,
				F35815FB1D4A7DC6007888C3 /* Flower */,
				F35816001D4A7F76007888C3 /* Mushroom */,
				F35816011D4A7F8E007888C3 /* Eye */,
				F35816061D4A8031007888C3 /* Frog */,
				F35816091D4BEF70007888C3 /* Spider */,
				F39394581D42B81A00072CDC /* cursor.sks */,
				F35816071D4A8051007888C3 /* Tree.sks */,
			);
			name = sks;
			sourceTree = "<group>";
		};
		F386BF061D4037DF005006BA /* swift */ = {
			isa = PBXGroup;
			children = (
				F386BEFB1D4017DA005006BA /* Monster.swift */,
				F386BEFF1D403580005006BA /* Sprout.swift */,
				F386BEF91D4017A9005006BA /* Flower.swift */,
				F386BF011D403789005006BA /* Mushroom.swift */,
				F386BF031D4037B7005006BA /* Froguana.swift */,
				F32E66831D49467800FD1BBE /* Eye.swift */,
				F35816101D4BF503007888C3 /* Spider.swift */,
			);
			name = swift;
			sourceTree = "<group>";
		};
/* End PBXGroup section */

/* Begin PBXNativeTarget section */
		F37A964F1D35580F00367524 /* Unseal */ = {
			isa = PBXNativeTarget;
			buildConfigurationList = F37A967C1D35580F00367524 /* Build configuration list for PBXNativeTarget "Unseal" */;
			buildPhases = (
				F37A964C1D35580F00367524 /* Sources */,
				F37A964D1D35580F00367524 /* Frameworks */,
				F37A964E1D35580F00367524 /* Resources */,
			);
			buildRules = (
			);
			dependencies = (
			);
			name = Unseal;
			productName = Unseal;
			productReference = F37A96501D35580F00367524 /* Unseal.app */;
			productType = "com.apple.product-type.application";
		};
		F37A96671D35580F00367524 /* UnsealTests */ = {
			isa = PBXNativeTarget;
			buildConfigurationList = F37A967F1D35580F00367524 /* Build configuration list for PBXNativeTarget "UnsealTests" */;
			buildPhases = (
				F37A96641D35580F00367524 /* Sources */,
				F37A96651D35580F00367524 /* Frameworks */,
				F37A96661D35580F00367524 /* Resources */,
			);
			buildRules = (
			);
			dependencies = (
				F37A966A1D35580F00367524 /* PBXTargetDependency */,
			);
			name = UnsealTests;
			productName = UnsealTests;
			productReference = F37A96681D35580F00367524 /* UnsealTests.xctest */;
			productType = "com.apple.product-type.bundle.unit-test";
		};
		F37A96721D35580F00367524 /* UnsealUITests */ = {
			isa = PBXNativeTarget;
			buildConfigurationList = F37A96821D35580F00367524 /* Build configuration list for PBXNativeTarget "UnsealUITests" */;
			buildPhases = (
				F37A966F1D35580F00367524 /* Sources */,
				F37A96701D35580F00367524 /* Frameworks */,
				F37A96711D35580F00367524 /* Resources */,
			);
			buildRules = (
			);
			dependencies = (
				F37A96751D35580F00367524 /* PBXTargetDependency */,
			);
			name = UnsealUITests;
			productName = UnsealUITests;
			productReference = F37A96731D35580F00367524 /* UnsealUITests.xctest */;
			productType = "com.apple.product-type.bundle.ui-testing";
		};
/* End PBXNativeTarget section */

/* Begin PBXProject section */
		F37A96481D35580F00367524 /* Project object */ = {
			isa = PBXProject;
			attributes = {
				LastSwiftUpdateCheck = 0730;
				LastUpgradeCheck = 0730;
				ORGANIZATIONNAME = Amino;
				TargetAttributes = {
					F37A964F1D35580F00367524 = {
						CreatedOnToolsVersion = 7.3.1;
						DevelopmentTeam = 92U55748MF;
					};
					F37A96671D35580F00367524 = {
						CreatedOnToolsVersion = 7.3.1;
						TestTargetID = F37A964F1D35580F00367524;
					};
					F37A96721D35580F00367524 = {
						CreatedOnToolsVersion = 7.3.1;
						TestTargetID = F37A964F1D35580F00367524;
					};
				};
			};
			buildConfigurationList = F37A964B1D35580F00367524 /* Build configuration list for PBXProject "Unseal" */;
			compatibilityVersion = "Xcode 3.2";
			developmentRegion = English;
			hasScannedForEncodings = 0;
			knownRegions = (
				en,
				Base,
			);
			mainGroup = F37A96471D35580F00367524;
			productRefGroup = F37A96511D35580F00367524 /* Products */;
			projectDirPath = "";
			projectRoot = "";
			targets = (
				F37A964F1D35580F00367524 /* Unseal */,
				F37A96671D35580F00367524 /* UnsealTests */,
				F37A96721D35580F00367524 /* UnsealUITests */,
			);
		};
/* End PBXProject section */

/* Begin PBXResourcesBuildPhase section */
		F37A964E1D35580F00367524 /* Resources */ = {
			isa = PBXResourcesBuildPhase;
			buildActionMask = 2147483647;
			files = (
				F34B378A1D355AE400E50116 /* GameScene.sks in Resources */,
				F386BEFE1D401DF4005006BA /* Spell4.sks in Resources */,
				F35815FA1D4A7D7D007888C3 /* YellowFlower.sks in Resources */,
				F31920C11D3F27AD006448C2 /* RedFlower.sks in Resources */,
				F32E66821D4923F800FD1BBE /* BlueEye.sks in Resources */,
				F35815F81D4A7CD9007888C3 /* BlueFlower.sks in Resources */,
				F386BEF21D3FF99F005006BA /* RedSprout.sks in Resources */,
				F35816081D4A8051007888C3 /* Tree.sks in Resources */,
				F37A96621D35580F00367524 /* LaunchScreen.storyboard in Resources */,
				F386BEEE1D3FDDE0005006BA /* Spell2.sks in Resources */,
				F386BF0C1D40557D005006BA /* MobActions.sks in Resources */,
				F37A965F1D35580F00367524 /* Assets.xcassets in Resources */,
				F358160D1D4BF05F007888C3 /* BlueSpider.sks in Resources */,
				F386BEF41D3FF9C8005006BA /* BlueFroguana.sks in Resources */,
				F386BF081D4053D8005006BA /* Spell5.sks in Resources */,
				F358160B1D4BEF89007888C3 /* YellowSpider.sks in Resources */,
				F39394591D42B81A00072CDC /* cursor.sks in Resources */,
				F3945BB51D468D160063FC47 /* MainScene.sks in Resources */,
				F386BEEA1D3FDB0D005006BA /* SpellActions.sks in Resources */,
				F386BEF01D3FDE9A005006BA /* Spell3.sks in Resources */,
				F35815FF1D4A7EAF007888C3 /* BlueMushroom.sks in Resources */,
				F35815FD1D4A7DF6007888C3 /* YellowEye.sks in Resources */,
				F386BEF81D3FFA11005006BA /* RedMushroom.sks in Resources */,
				F386BEEC1D3FDB6E005006BA /* Spell1.sks in Resources */,
				F35816051D4A7FC9007888C3 /* BlueSprout.sks in Resources */,
				F37A965D1D35580F00367524 /* Main.storyboard in Resources */,
			);
			runOnlyForDeploymentPostprocessing = 0;
		};
		F37A96661D35580F00367524 /* Resources */ = {
			isa = PBXResourcesBuildPhase;
			buildActionMask = 2147483647;
			files = (
			);
			runOnlyForDeploymentPostprocessing = 0;
		};
		F37A96711D35580F00367524 /* Resources */ = {
			isa = PBXResourcesBuildPhase;
			buildActionMask = 2147483647;
			files = (
			);
			runOnlyForDeploymentPostprocessing = 0;
		};
/* End PBXResourcesBuildPhase section */

/* Begin PBXSourcesBuildPhase section */
		F37A964C1D35580F00367524 /* Sources */ = {
			isa = PBXSourcesBuildPhase;
			buildActionMask = 2147483647;
			files = (
				F37A96581D35580F00367524 /* GameScene.swift in Sources */,
				F34B37A61D37FF1900E50116 /* LeafGestureRecognizer.swift in Sources */,
				F34B378E1D35901100E50116 /* CircleGestureRecognizer.swift in Sources */,
				F386BF001D403580005006BA /* Sprout.swift in Sources */,
				F37A96881D3558D100367524 /* DrawView.swift in Sources */,
				F34B37BD1D395DBF00E50116 /* LightningGestureRecognizer.swift in Sources */,
				F34B379A1D36B0CE00E50116 /* HorizontalGestureRecognizer.swift in Sources */,
				F3945BBF1D47DDBE0063FC47 /* MainViewController.swift in Sources */,
				F386BF041D4037B7005006BA /* Froguana.swift in Sources */,
				F34B378C1D358E8C00E50116 /* CircleFit.swift in Sources */,
				F34B379C1D36B17D00E50116 /* LineFit.swift in Sources */,
				F34B37931D36A7CB00E50116 /* HourglassGestureRecognizer.swift in Sources */,
				F34B37AE1D380BC300E50116 /* InfinityFit.swift in Sources */,
				F386BF021D403789005006BA /* Mushroom.swift in Sources */,
				F34B37B71D3836B800E50116 /* VGestureRecognition.swift in Sources */,
				F34B37A41D37FA1200E50116 /* VerticalGestureRecognizer.swift in Sources */,
				F37A96861D35582800367524 /* DrawingHandler.swift in Sources */,
				F31920C31D3F2801006448C2 /* MSReferenceNode.swift in Sources */,
				F386BEFA1D4017A9005006BA /* Flower.swift in Sources */,
				F32E66841D49467800FD1BBE /* Eye.swift in Sources */,
				F35816111D4BF503007888C3 /* Spider.swift in Sources */,
				F37A965A1D35580F00367524 /* GameViewController.swift in Sources */,
				F3945BBB1D46D1B20063FC47 /* MainScene.swift in Sources */,
				F34B37B01D380BD000E50116 /* InfinityGestureRecognizer.swift in Sources */,
				F3945BB91D46AA660063FC47 /* EntityManager.swift in Sources */,
				F37A96541D35580F00367524 /* AppDelegate.swift in Sources */,
				F386BEFC1D4017DA005006BA /* Monster.swift in Sources */,
				F34B37B51D38363B00E50116 /* VFit.swift in Sources */,
				F34B37951D36A7D400E50116 /* HourglassFit.swift in Sources */,
				F34B37BF1D39795800E50116 /* MSButtonNode.swift in Sources */,
			);
			runOnlyForDeploymentPostprocessing = 0;
		};
		F37A96641D35580F00367524 /* Sources */ = {
			isa = PBXSourcesBuildPhase;
			buildActionMask = 2147483647;
			files = (
				F37A966D1D35580F00367524 /* UnsealTests.swift in Sources */,
			);
			runOnlyForDeploymentPostprocessing = 0;
		};
		F37A966F1D35580F00367524 /* Sources */ = {
			isa = PBXSourcesBuildPhase;
			buildActionMask = 2147483647;
			files = (
				F37A96781D35580F00367524 /* UnsealUITests.swift in Sources */,
			);
			runOnlyForDeploymentPostprocessing = 0;
		};
/* End PBXSourcesBuildPhase section */

/* Begin PBXTargetDependency section */
		F37A966A1D35580F00367524 /* PBXTargetDependency */ = {
			isa = PBXTargetDependency;
			target = F37A964F1D35580F00367524 /* Unseal */;
			targetProxy = F37A96691D35580F00367524 /* PBXContainerItemProxy */;
		};
		F37A96751D35580F00367524 /* PBXTargetDependency */ = {
			isa = PBXTargetDependency;
			target = F37A964F1D35580F00367524 /* Unseal */;
			targetProxy = F37A96741D35580F00367524 /* PBXContainerItemProxy */;
		};
/* End PBXTargetDependency section */

/* Begin PBXVariantGroup section */
		F37A965B1D35580F00367524 /* Main.storyboard */ = {
			isa = PBXVariantGroup;
			children = (
				F37A965C1D35580F00367524 /* Base */,
			);
			name = Main.storyboard;
			sourceTree = "<group>";
		};
		F37A96601D35580F00367524 /* LaunchScreen.storyboard */ = {
			isa = PBXVariantGroup;
			children = (
				F37A96611D35580F00367524 /* Base */,
			);
			name = LaunchScreen.storyboard;
			sourceTree = "<group>";
		};
/* End PBXVariantGroup section */

/* Begin XCBuildConfiguration section */
		F37A967A1D35580F00367524 /* Debug */ = {
			isa = XCBuildConfiguration;
			buildSettings = {
				ALWAYS_SEARCH_USER_PATHS = NO;
				CLANG_ANALYZER_NONNULL = YES;
				CLANG_CXX_LANGUAGE_STANDARD = "gnu++0x";
				CLANG_CXX_LIBRARY = "libc++";
				CLANG_ENABLE_MODULES = YES;
				CLANG_ENABLE_OBJC_ARC = YES;
				CLANG_WARN_BOOL_CONVERSION = YES;
				CLANG_WARN_CONSTANT_CONVERSION = YES;
				CLANG_WARN_DIRECT_OBJC_ISA_USAGE = YES_ERROR;
				CLANG_WARN_EMPTY_BODY = YES;
				CLANG_WARN_ENUM_CONVERSION = YES;
				CLANG_WARN_INT_CONVERSION = YES;
				CLANG_WARN_OBJC_ROOT_CLASS = YES_ERROR;
				CLANG_WARN_UNREACHABLE_CODE = YES;
				CLANG_WARN__DUPLICATE_METHOD_MATCH = YES;
				"CODE_SIGN_IDENTITY[sdk=iphoneos*]" = "iPhone Developer";
				COPY_PHASE_STRIP = NO;
				DEBUG_INFORMATION_FORMAT = "dwarf-with-dsym";
				ENABLE_STRICT_OBJC_MSGSEND = YES;
				ENABLE_TESTABILITY = YES;
				GCC_C_LANGUAGE_STANDARD = gnu99;
				GCC_DYNAMIC_NO_PIC = NO;
				GCC_NO_COMMON_BLOCKS = YES;
				GCC_OPTIMIZATION_LEVEL = 0;
				GCC_PREPROCESSOR_DEFINITIONS = (
					"DEBUG=1",
					"$(inherited)",
				);
				GCC_WARN_64_TO_32_BIT_CONVERSION = YES;
				GCC_WARN_ABOUT_RETURN_TYPE = YES_ERROR;
				GCC_WARN_UNDECLARED_SELECTOR = YES;
				GCC_WARN_UNINITIALIZED_AUTOS = YES_AGGRESSIVE;
				GCC_WARN_UNUSED_FUNCTION = YES;
				GCC_WARN_UNUSED_VARIABLE = YES;
				IPHONEOS_DEPLOYMENT_TARGET = 9.3;
				MTL_ENABLE_DEBUG_INFO = YES;
				ONLY_ACTIVE_ARCH = YES;
				SDKROOT = iphoneos;
				SWIFT_OPTIMIZATION_LEVEL = "-Onone";
				TARGETED_DEVICE_FAMILY = "1,2";
			};
			name = Debug;
		};
		F37A967B1D35580F00367524 /* Release */ = {
			isa = XCBuildConfiguration;
			buildSettings = {
				ALWAYS_SEARCH_USER_PATHS = NO;
				CLANG_ANALYZER_NONNULL = YES;
				CLANG_CXX_LANGUAGE_STANDARD = "gnu++0x";
				CLANG_CXX_LIBRARY = "libc++";
				CLANG_ENABLE_MODULES = YES;
				CLANG_ENABLE_OBJC_ARC = YES;
				CLANG_WARN_BOOL_CONVERSION = YES;
				CLANG_WARN_CONSTANT_CONVERSION = YES;
				CLANG_WARN_DIRECT_OBJC_ISA_USAGE = YES_ERROR;
				CLANG_WARN_EMPTY_BODY = YES;
				CLANG_WARN_ENUM_CONVERSION = YES;
				CLANG_WARN_INT_CONVERSION = YES;
				CLANG_WARN_OBJC_ROOT_CLASS = YES_ERROR;
				CLANG_WARN_UNREACHABLE_CODE = YES;
				CLANG_WARN__DUPLICATE_METHOD_MATCH = YES;
				"CODE_SIGN_IDENTITY[sdk=iphoneos*]" = "iPhone Developer";
				COPY_PHASE_STRIP = NO;
				DEBUG_INFORMATION_FORMAT = "dwarf-with-dsym";
				ENABLE_NS_ASSERTIONS = NO;
				ENABLE_STRICT_OBJC_MSGSEND = YES;
				GCC_C_LANGUAGE_STANDARD = gnu99;
				GCC_NO_COMMON_BLOCKS = YES;
				GCC_WARN_64_TO_32_BIT_CONVERSION = YES;
				GCC_WARN_ABOUT_RETURN_TYPE = YES_ERROR;
				GCC_WARN_UNDECLARED_SELECTOR = YES;
				GCC_WARN_UNINITIALIZED_AUTOS = YES_AGGRESSIVE;
				GCC_WARN_UNUSED_FUNCTION = YES;
				GCC_WARN_UNUSED_VARIABLE = YES;
				IPHONEOS_DEPLOYMENT_TARGET = 9.3;
				MTL_ENABLE_DEBUG_INFO = NO;
				SDKROOT = iphoneos;
				TARGETED_DEVICE_FAMILY = "1,2";
				VALIDATE_PRODUCT = YES;
			};
			name = Release;
		};
		F37A967D1D35580F00367524 /* Debug */ = {
			isa = XCBuildConfiguration;
			buildSettings = {
				ASSETCATALOG_COMPILER_APPICON_NAME = AppIcon;
				CODE_SIGN_IDENTITY = "iPhone Developer";
				"CODE_SIGN_IDENTITY[sdk=iphoneos*]" = "iPhone Developer";
				INFOPLIST_FILE = Unseal/Info.plist;
				LD_RUNPATH_SEARCH_PATHS = "$(inherited) @executable_path/Frameworks";
				PRODUCT_BUNDLE_IDENTIFIER = com.makeschool.Unseal;
				PRODUCT_NAME = "$(TARGET_NAME)";
				PROVISIONING_PROFILE = "";
			};
			name = Debug;
		};
		F37A967E1D35580F00367524 /* Release */ = {
			isa = XCBuildConfiguration;
			buildSettings = {
				ASSETCATALOG_COMPILER_APPICON_NAME = AppIcon;
				CODE_SIGN_IDENTITY = "iPhone Developer";
				"CODE_SIGN_IDENTITY[sdk=iphoneos*]" = "iPhone Developer";
				INFOPLIST_FILE = Unseal/Info.plist;
				LD_RUNPATH_SEARCH_PATHS = "$(inherited) @executable_path/Frameworks";
				PRODUCT_BUNDLE_IDENTIFIER = com.makeschool.Unseal;
				PRODUCT_NAME = "$(TARGET_NAME)";
				PROVISIONING_PROFILE = "";
			};
			name = Release;
		};
		F37A96801D35580F00367524 /* Debug */ = {
			isa = XCBuildConfiguration;
			buildSettings = {
				BUNDLE_LOADER = "$(TEST_HOST)";
				DEBUG_INFORMATION_FORMAT = dwarf;
				INFOPLIST_FILE = UnsealTests/Info.plist;
				LD_RUNPATH_SEARCH_PATHS = "$(inherited) @executable_path/Frameworks @loader_path/Frameworks";
				PRODUCT_BUNDLE_IDENTIFIER = com.makeschool.UnsealTests;
				PRODUCT_NAME = "$(TARGET_NAME)";
				TEST_HOST = "$(BUILT_PRODUCTS_DIR)/Unseal.app/Unseal";
			};
			name = Debug;
		};
		F37A96811D35580F00367524 /* Release */ = {
			isa = XCBuildConfiguration;
			buildSettings = {
				BUNDLE_LOADER = "$(TEST_HOST)";
				INFOPLIST_FILE = UnsealTests/Info.plist;
				LD_RUNPATH_SEARCH_PATHS = "$(inherited) @executable_path/Frameworks @loader_path/Frameworks";
				PRODUCT_BUNDLE_IDENTIFIER = com.makeschool.UnsealTests;
				PRODUCT_NAME = "$(TARGET_NAME)";
				TEST_HOST = "$(BUILT_PRODUCTS_DIR)/Unseal.app/Unseal";
			};
			name = Release;
		};
		F37A96831D35580F00367524 /* Debug */ = {
			isa = XCBuildConfiguration;
			buildSettings = {
				DEBUG_INFORMATION_FORMAT = dwarf;
				INFOPLIST_FILE = UnsealUITests/Info.plist;
				LD_RUNPATH_SEARCH_PATHS = "$(inherited) @executable_path/Frameworks @loader_path/Frameworks";
				PRODUCT_BUNDLE_IDENTIFIER = com.makeschool.UnsealUITests;
				PRODUCT_NAME = "$(TARGET_NAME)";
				TEST_TARGET_NAME = Unseal;
			};
			name = Debug;
		};
		F37A96841D35580F00367524 /* Release */ = {
			isa = XCBuildConfiguration;
			buildSettings = {
				INFOPLIST_FILE = UnsealUITests/Info.plist;
				LD_RUNPATH_SEARCH_PATHS = "$(inherited) @executable_path/Frameworks @loader_path/Frameworks";
				PRODUCT_BUNDLE_IDENTIFIER = com.makeschool.UnsealUITests;
				PRODUCT_NAME = "$(TARGET_NAME)";
				TEST_TARGET_NAME = Unseal;
			};
			name = Release;
		};
/* End XCBuildConfiguration section */

/* Begin XCConfigurationList section */
		F37A964B1D35580F00367524 /* Build configuration list for PBXProject "Unseal" */ = {
			isa = XCConfigurationList;
			buildConfigurations = (
				F37A967A1D35580F00367524 /* Debug */,
				F37A967B1D35580F00367524 /* Release */,
			);
			defaultConfigurationIsVisible = 0;
			defaultConfigurationName = Release;
		};
		F37A967C1D35580F00367524 /* Build configuration list for PBXNativeTarget "Unseal" */ = {
			isa = XCConfigurationList;
			buildConfigurations = (
				F37A967D1D35580F00367524 /* Debug */,
				F37A967E1D35580F00367524 /* Release */,
			);
			defaultConfigurationIsVisible = 0;
			defaultConfigurationName = Release;
		};
		F37A967F1D35580F00367524 /* Build configuration list for PBXNativeTarget "UnsealTests" */ = {
			isa = XCConfigurationList;
			buildConfigurations = (
				F37A96801D35580F00367524 /* Debug */,
				F37A96811D35580F00367524 /* Release */,
			);
			defaultConfigurationIsVisible = 0;
			defaultConfigurationName = Release;
		};
		F37A96821D35580F00367524 /* Build configuration list for PBXNativeTarget "UnsealUITests" */ = {
			isa = XCConfigurationList;
			buildConfigurations = (
				F37A96831D35580F00367524 /* Debug */,
				F37A96841D35580F00367524 /* Release */,
			);
			defaultConfigurationIsVisible = 0;
			defaultConfigurationName = Release;
		};
/* End XCConfigurationList section */
	};
	rootObject = F37A96481D35580F00367524 /* Project object */;
}
