// !$*UTF8*$!
{
	archiveVersion = 1;
	classes = {
	};
	objectVersion = 46;
	objects = {

/* Begin PBXBuildFile section */
		F34B378A1D355AE400E50116 /* GameScene.sks in Resources */ = {isa = PBXBuildFile; fileRef = F34B37891D355AE400E50116 /* GameScene.sks */; };
		F34B378C1D358E8C00E50116 /* CircleFit.swift in Sources */ = {isa = PBXBuildFile; fileRef = F34B378B1D358E8C00E50116 /* CircleFit.swift */; };
		F34B378E1D35901100E50116 /* CircleGestureRecognizer.swift in Sources */ = {isa = PBXBuildFile; fileRef = F34B378D1D35901100E50116 /* CircleGestureRecognizer.swift */; };
		F34B37931D36A7CB00E50116 /* HourglassGestureRecognizer.swift in Sources */ = {isa = PBXBuildFile; fileRef = F34B37921D36A7CB00E50116 /* HourglassGestureRecognizer.swift */; };
		F34B37951D36A7D400E50116 /* HourglassFit.swift in Sources */ = {isa = PBXBuildFile; fileRef = F34B37941D36A7D400E50116 /* HourglassFit.swift */; };
		F34B379A1D36B0CE00E50116 /* HorizontalGestureRecognizer.swift in Sources */ = {isa = PBXBuildFile; fileRef = F34B37991D36B0CE00E50116 /* HorizontalGestureRecognizer.swift */; };
		F34B379C1D36B17D00E50116 /* LineFit.swift in Sources */ = {isa = PBXBuildFile; fileRef = F34B379B1D36B17D00E50116 /* LineFit.swift */; };
		F34B37A41D37FA1200E50116 /* VerticalGestureRecognizer.swift in Sources */ = {isa = PBXBuildFile; fileRef = F34B37A31D37FA1200E50116 /* VerticalGestureRecognizer.swift */; };
		F37A96541D35580F00367524 /* AppDelegate.swift in Sources */ = {isa = PBXBuildFile; fileRef = F37A96531D35580F00367524 /* AppDelegate.swift */; };
		F37A96581D35580F00367524 /* GameScene.swift in Sources */ = {isa = PBXBuildFile; fileRef = F37A96571D35580F00367524 /* GameScene.swift */; };
		F37A965A1D35580F00367524 /* GameViewController.swift in Sources */ = {isa = PBXBuildFile; fileRef = F37A96591D35580F00367524 /* GameViewController.swift */; };
		F37A965D1D35580F00367524 /* Main.storyboard in Resources */ = {isa = PBXBuildFile; fileRef = F37A965B1D35580F00367524 /* Main.storyboard */; };
		F37A965F1D35580F00367524 /* Assets.xcassets in Resources */ = {isa = PBXBuildFile; fileRef = F37A965E1D35580F00367524 /* Assets.xcassets */; };
		F37A96621D35580F00367524 /* LaunchScreen.storyboard in Resources */ = {isa = PBXBuildFile; fileRef = F37A96601D35580F00367524 /* LaunchScreen.storyboard */; };
		F37A966D1D35580F00367524 /* UnsealTests.swift in Sources */ = {isa = PBXBuildFile; fileRef = F37A966C1D35580F00367524 /* UnsealTests.swift */; };
		F37A96781D35580F00367524 /* UnsealUITests.swift in Sources */ = {isa = PBXBuildFile; fileRef = F37A96771D35580F00367524 /* UnsealUITests.swift */; };
		F37A96861D35582800367524 /* DrawingHandler.swift in Sources */ = {isa = PBXBuildFile; fileRef = F37A96851D35582800367524 /* DrawingHandler.swift */; };
		F37A96881D3558D100367524 /* DrawView.swift in Sources */ = {isa = PBXBuildFile; fileRef = F37A96871D3558D100367524 /* DrawView.swift */; };
/* End PBXBuildFile section */

/* Begin PBXContainerItemProxy section */
		F37A96691D35580F00367524 /* PBXContainerItemProxy */ = {
			isa = PBXContainerItemProxy;
			containerPortal = F37A96481D35580F00367524 /* Project object */;
			proxyType = 1;
			remoteGlobalIDString = F37A964F1D35580F00367524;
			remoteInfo = Unseal;
		};
		F37A96741D35580F00367524 /* PBXContainerItemProxy */ = {
			isa = PBXContainerItemProxy;
			containerPortal = F37A96481D35580F00367524 /* Project object */;
			proxyType = 1;
			remoteGlobalIDString = F37A964F1D35580F00367524;
			remoteInfo = Unseal;
		};
/* End PBXContainerItemProxy section */

/* Begin PBXFileReference section */
		F34B37891D355AE400E50116 /* GameScene.sks */ = {isa = PBXFileReference; lastKnownFileType = file.sks; name = GameScene.sks; path = ../GameScene.sks; sourceTree = "<group>"; };
		F34B378B1D358E8C00E50116 /* CircleFit.swift */ = {isa = PBXFileReference; fileEncoding = 4; lastKnownFileType = sourcecode.swift; path = CircleFit.swift; sourceTree = "<group>"; };
		F34B378D1D35901100E50116 /* CircleGestureRecognizer.swift */ = {isa = PBXFileReference; fileEncoding = 4; lastKnownFileType = sourcecode.swift; path = CircleGestureRecognizer.swift; sourceTree = "<group>"; };
		F34B37921D36A7CB00E50116 /* HourglassGestureRecognizer.swift */ = {isa = PBXFileReference; fileEncoding = 4; lastKnownFileType = sourcecode.swift; name = HourglassGestureRecognizer.swift; path = ../HourglassGestureRecognizer.swift; sourceTree = "<group>"; };
		F34B37941D36A7D400E50116 /* HourglassFit.swift */ = {isa = PBXFileReference; fileEncoding = 4; lastKnownFileType = sourcecode.swift; path = HourglassFit.swift; sourceTree = "<group>"; };
		F34B37991D36B0CE00E50116 /* HorizontalGestureRecognizer.swift */ = {isa = PBXFileReference; fileEncoding = 4; lastKnownFileType = sourcecode.swift; path = HorizontalGestureRecognizer.swift; sourceTree = "<group>"; };
		F34B379B1D36B17D00E50116 /* LineFit.swift */ = {isa = PBXFileReference; fileEncoding = 4; lastKnownFileType = sourcecode.swift; path = LineFit.swift; sourceTree = "<group>"; };
		F34B37A31D37FA1200E50116 /* VerticalGestureRecognizer.swift */ = {isa = PBXFileReference; fileEncoding = 4; lastKnownFileType = sourcecode.swift; path = VerticalGestureRecognizer.swift; sourceTree = "<group>"; };
		F37A96501D35580F00367524 /* Unseal.app */ = {isa = PBXFileReference; explicitFileType = wrapper.application; includeInIndex = 0; path = Unseal.app; sourceTree = BUILT_PRODUCTS_DIR; };
		F37A96531D35580F00367524 /* AppDelegate.swift */ = {isa = PBXFileReference; lastKnownFileType = sourcecode.swift; path = AppDelegate.swift; sourceTree = "<group>"; };
		F37A96571D35580F00367524 /* GameScene.swift */ = {isa = PBXFileReference; lastKnownFileType = sourcecode.swift; path = GameScene.swift; sourceTree = "<group>"; };
		F37A96591D35580F00367524 /* GameViewController.swift */ = {isa = PBXFileReference; lastKnownFileType = sourcecode.swift; path = GameViewController.swift; sourceTree = "<group>"; };
		F37A965C1D35580F00367524 /* Base */ = {isa = PBXFileReference; lastKnownFileType = file.storyboard; name = Base; path = Base.lproj/Main.storyboard; sourceTree = "<group>"; };
		F37A965E1D35580F00367524 /* Assets.xcassets */ = {isa = PBXFileReference; lastKnownFileType = folder.assetcatalog; path = Assets.xcassets; sourceTree = "<group>"; };
		F37A96611D35580F00367524 /* Base */ = {isa = PBXFileReference; lastKnownFileType = file.storyboard; name = Base; path = Base.lproj/LaunchScreen.storyboard; sourceTree = "<group>"; };
		F37A96631D35580F00367524 /* Info.plist */ = {isa = PBXFileReference; lastKnownFileType = text.plist.xml; path = Info.plist; sourceTree = "<group>"; };
		F37A96681D35580F00367524 /* UnsealTests.xctest */ = {isa = PBXFileReference; explicitFileType = wrapper.cfbundle; includeInIndex = 0; path = UnsealTests.xctest; sourceTree = BUILT_PRODUCTS_DIR; };
		F37A966C1D35580F00367524 /* UnsealTests.swift */ = {isa = PBXFileReference; lastKnownFileType = sourcecode.swift; path = UnsealTests.swift; sourceTree = "<group>"; };
		F37A966E1D35580F00367524 /* Info.plist */ = {isa = PBXFileReference; lastKnownFileType = text.plist.xml; path = Info.plist; sourceTree = "<group>"; };
		F37A96731D35580F00367524 /* UnsealUITests.xctest */ = {isa = PBXFileReference; explicitFileType = wrapper.cfbundle; includeInIndex = 0; path = UnsealUITests.xctest; sourceTree = BUILT_PRODUCTS_DIR; };
		F37A96771D35580F00367524 /* UnsealUITests.swift */ = {isa = PBXFileReference; lastKnownFileType = sourcecode.swift; path = UnsealUITests.swift; sourceTree = "<group>"; };
		F37A96791D35580F00367524 /* Info.plist */ = {isa = PBXFileReference; lastKnownFileType = text.plist.xml; path = Info.plist; sourceTree = "<group>"; };
		F37A96851D35582800367524 /* DrawingHandler.swift */ = {isa = PBXFileReference; fileEncoding = 4; lastKnownFileType = sourcecode.swift; path = DrawingHandler.swift; sourceTree = "<group>"; };
		F37A96871D3558D100367524 /* DrawView.swift */ = {isa = PBXFileReference; fileEncoding = 4; lastKnownFileType = sourcecode.swift; path = DrawView.swift; sourceTree = "<group>"; };
/* End PBXFileReference section */

/* Begin PBXFrameworksBuildPhase section */
		F37A964D1D35580F00367524 /* Frameworks */ = {
			isa = PBXFrameworksBuildPhase;
			buildActionMask = 2147483647;
			files = (
			);
			runOnlyForDeploymentPostprocessing = 0;
		};
		F37A96651D35580F00367524 /* Frameworks */ = {
			isa = PBXFrameworksBuildPhase;
			buildActionMask = 2147483647;
			files = (
			);
			runOnlyForDeploymentPostprocessing = 0;
		};
		F37A96701D35580F00367524 /* Frameworks */ = {
			isa = PBXFrameworksBuildPhase;
			buildActionMask = 2147483647;
			files = (
			);
			runOnlyForDeploymentPostprocessing = 0;
		};
/* End PBXFrameworksBuildPhase section */

/* Begin PBXGroup section */
		F34B378F1D35A28F00E50116 /* Circle */ = {
			isa = PBXGroup;
			children = (
				F34B378B1D358E8C00E50116 /* CircleFit.swift */,
				F34B378D1D35901100E50116 /* CircleGestureRecognizer.swift */,
			);
			name = Circle;
			sourceTree = "<group>";
		};
		F34B37961D36A7DC00E50116 /* Hourglass */ = {
			isa = PBXGroup;
			children = (
				F34B37941D36A7D400E50116 /* HourglassFit.swift */,
				F34B37921D36A7CB00E50116 /* HourglassGestureRecognizer.swift */,
			);
			name = Hourglass;
			sourceTree = "<group>";
		};
		F34B37971D36A7F500E50116 /* Gesture */ = {
			isa = PBXGroup;
			children = (
				F34B37A21D36BCF100E50116 /* x */,
				F34B37A11D36BCD100E50116 /* BoxDown */,
				F34B379F1D36BCA500E50116 /* Leaf */,
				F34B379E1D36BC9F00E50116 /* Infinity */,
				F34B37981D36B0B600E50116 /* Line */,
				F34B378F1D35A28F00E50116 /* Circle */,
				F34B37961D36A7DC00E50116 /* Hourglass */,
			);
			name = Gesture;
			sourceTree = "<group>";
		};
		F34B37981D36B0B600E50116 /* Line */ = {
			isa = PBXGroup;
			children = (
				F34B379B1D36B17D00E50116 /* LineFit.swift */,
				F34B37991D36B0CE00E50116 /* HorizontalGestureRecognizer.swift */,
				F34B37A31D37FA1200E50116 /* VerticalGestureRecognizer.swift */,
			);
			name = Line;
			sourceTree = "<group>";
		};
		F34B379E1D36BC9F00E50116 /* Infinity */ = {
			isa = PBXGroup;
			children = (
			);
			name = Infinity;
			sourceTree = "<group>";
		};
		F34B379F1D36BCA500E50116 /* Leaf */ = {
			isa = PBXGroup;
			children = (
			);
			name = Leaf;
			sourceTree = "<group>";
		};
		F34B37A11D36BCD100E50116 /* BoxDown */ = {
			isa = PBXGroup;
			children = (
			);
			name = BoxDown;
			sourceTree = "<group>";
		};
		F34B37A21D36BCF100E50116 /* x */ = {
			isa = PBXGroup;
			children = (
			);
			name = x;
			sourceTree = "<group>";
		};
		F37A96471D35580F00367524 = {
			isa = PBXGroup;
			children = (
				F37A96521D35580F00367524 /* Unseal */,
				F37A966B1D35580F00367524 /* UnsealTests */,
				F37A96761D35580F00367524 /* UnsealUITests */,
				F37A96511D35580F00367524 /* Products */,
			);
			sourceTree = "<group>";
		};
		F37A96511D35580F00367524 /* Products */ = {
			isa = PBXGroup;
			children = (
				F37A96501D35580F00367524 /* Unseal.app */,
				F37A96681D35580F00367524 /* UnsealTests.xctest */,
				F37A96731D35580F00367524 /* UnsealUITests.xctest */,
			);
			name = Products;
			sourceTree = "<group>";
		};
		F37A96521D35580F00367524 /* Unseal */ = {
			isa = PBXGroup;
			children = (
				F34B37891D355AE400E50116 /* GameScene.sks */,
				F37A96531D35580F00367524 /* AppDelegate.swift */,
				F37A96571D35580F00367524 /* GameScene.swift */,
				F37A96851D35582800367524 /* DrawingHandler.swift */,
				F37A96871D3558D100367524 /* DrawView.swift */,
				F37A96591D35580F00367524 /* GameViewController.swift */,
				F34B37971D36A7F500E50116 /* Gesture */,
				F37A965B1D35580F00367524 /* Main.storyboard */,
				F37A965E1D35580F00367524 /* Assets.xcassets */,
				F37A96601D35580F00367524 /* LaunchScreen.storyboard */,
				F37A96631D35580F00367524 /* Info.plist */,
			);
			path = Unseal;
			sourceTree = "<group>";
		};
		F37A966B1D35580F00367524 /* UnsealTests */ = {
			isa = PBXGroup;
			children = (
				F37A966C1D35580F00367524 /* UnsealTests.swift */,
				F37A966E1D35580F00367524 /* Info.plist */,
			);
			path = UnsealTests;
			sourceTree = "<group>";
		};
		F37A96761D35580F00367524 /* UnsealUITests */ = {
			isa = PBXGroup;
			children = (
				F37A96771D35580F00367524 /* UnsealUITests.swift */,
				F37A96791D35580F00367524 /* Info.plist */,
			);
			path = UnsealUITests;
			sourceTree = "<group>";
		};
/* End PBXGroup section */

/* Begin PBXNativeTarget section */
		F37A964F1D35580F00367524 /* Unseal */ = {
			isa = PBXNativeTarget;
			buildConfigurationList = F37A967C1D35580F00367524 /* Build configuration list for PBXNativeTarget "Unseal" */;
			buildPhases = (
				F37A964C1D35580F00367524 /* Sources */,
				F37A964D1D35580F00367524 /* Frameworks */,
				F37A964E1D35580F00367524 /* Resources */,
			);
			buildRules = (
			);
			dependencies = (
			);
			name = Unseal;
			productName = Unseal;
			productReference = F37A96501D35580F00367524 /* Unseal.app */;
			productType = "com.apple.product-type.application";
		};
		F37A96671D35580F00367524 /* UnsealTests */ = {
			isa = PBXNativeTarget;
			buildConfigurationList = F37A967F1D35580F00367524 /* Build configuration list for PBXNativeTarget "UnsealTests" */;
			buildPhases = (
				F37A96641D35580F00367524 /* Sources */,
				F37A96651D35580F00367524 /* Frameworks */,
				F37A96661D35580F00367524 /* Resources */,
			);
			buildRules = (
			);
			dependencies = (
				F37A966A1D35580F00367524 /* PBXTargetDependency */,
			);
			name = UnsealTests;
			productName = UnsealTests;
			productReference = F37A96681D35580F00367524 /* UnsealTests.xctest */;
			productType = "com.apple.product-type.bundle.unit-test";
		};
		F37A96721D35580F00367524 /* UnsealUITests */ = {
			isa = PBXNativeTarget;
			buildConfigurationList = F37A96821D35580F00367524 /* Build configuration list for PBXNativeTarget "UnsealUITests" */;
			buildPhases = (
				F37A966F1D35580F00367524 /* Sources */,
				F37A96701D35580F00367524 /* Frameworks */,
				F37A96711D35580F00367524 /* Resources */,
			);
			buildRules = (
			);
			dependencies = (
				F37A96751D35580F00367524 /* PBXTargetDependency */,
			);
			name = UnsealUITests;
			productName = UnsealUITests;
			productReference = F37A96731D35580F00367524 /* UnsealUITests.xctest */;
			productType = "com.apple.product-type.bundle.ui-testing";
		};
/* End PBXNativeTarget section */

/* Begin PBXProject section */
		F37A96481D35580F00367524 /* Project object */ = {
			isa = PBXProject;
			attributes = {
				LastSwiftUpdateCheck = 0730;
				LastUpgradeCheck = 0730;
				ORGANIZATIONNAME = Amino;
				TargetAttributes = {
					F37A964F1D35580F00367524 = {
						CreatedOnToolsVersion = 7.3.1;
						DevelopmentTeam = 92U55748MF;
					};
					F37A96671D35580F00367524 = {
						CreatedOnToolsVersion = 7.3.1;
						TestTargetID = F37A964F1D35580F00367524;
					};
					F37A96721D35580F00367524 = {
						CreatedOnToolsVersion = 7.3.1;
						TestTargetID = F37A964F1D35580F00367524;
					};
				};
			};
			buildConfigurationList = F37A964B1D35580F00367524 /* Build configuration list for PBXProject "Unseal" */;
			compatibilityVersion = "Xcode 3.2";
			developmentRegion = English;
			hasScannedForEncodings = 0;
			knownRegions = (
				en,
				Base,
			);
			mainGroup = F37A96471D35580F00367524;
			productRefGroup = F37A96511D35580F00367524 /* Products */;
			projectDirPath = "";
			projectRoot = "";
			targets = (
				F37A964F1D35580F00367524 /* Unseal */,
				F37A96671D35580F00367524 /* UnsealTests */,
				F37A96721D35580F00367524 /* UnsealUITests */,
			);
		};
/* End PBXProject section */

/* Begin PBXResourcesBuildPhase section */
		F37A964E1D35580F00367524 /* Resources */ = {
			isa = PBXResourcesBuildPhase;
			buildActionMask = 2147483647;
			files = (
				F34B378A1D355AE400E50116 /* GameScene.sks in Resources */,
				F37A96621D35580F00367524 /* LaunchScreen.storyboard in Resources */,
				F37A965F1D35580F00367524 /* Assets.xcassets in Resources */,
				F37A965D1D35580F00367524 /* Main.storyboard in Resources */,
			);
			runOnlyForDeploymentPostprocessing = 0;
		};
		F37A96661D35580F00367524 /* Resources */ = {
			isa = PBXResourcesBuildPhase;
			buildActionMask = 2147483647;
			files = (
			);
			runOnlyForDeploymentPostprocessing = 0;
		};
		F37A96711D35580F00367524 /* Resources */ = {
			isa = PBXResourcesBuildPhase;
			buildActionMask = 2147483647;
			files = (
			);
			runOnlyForDeploymentPostprocessing = 0;
		};
/* End PBXResourcesBuildPhase section */

/* Begin PBXSourcesBuildPhase section */
		F37A964C1D35580F00367524 /* Sources */ = {
			isa = PBXSourcesBuildPhase;
			buildActionMask = 2147483647;
			files = (
				F37A96581D35580F00367524 /* GameScene.swift in Sources */,
				F34B378E1D35901100E50116 /* CircleGestureRecognizer.swift in Sources */,
				F37A96881D3558D100367524 /* DrawView.swift in Sources */,
				F34B379A1D36B0CE00E50116 /* HorizontalGestureRecognizer.swift in Sources */,
				F34B378C1D358E8C00E50116 /* CircleFit.swift in Sources */,
				F34B379C1D36B17D00E50116 /* LineFit.swift in Sources */,
				F34B37931D36A7CB00E50116 /* HourglassGestureRecognizer.swift in Sources */,
				F34B37A41D37FA1200E50116 /* VerticalGestureRecognizer.swift in Sources */,
				F37A96861D35582800367524 /* DrawingHandler.swift in Sources */,
				F37A965A1D35580F00367524 /* GameViewController.swift in Sources */,
				F37A96541D35580F00367524 /* AppDelegate.swift in Sources */,
				F34B37951D36A7D400E50116 /* HourglassFit.swift in Sources */,
			);
			runOnlyForDeploymentPostprocessing = 0;
		};
		F37A96641D35580F00367524 /* Sources */ = {
			isa = PBXSourcesBuildPhase;
			buildActionMask = 2147483647;
			files = (
				F37A966D1D35580F00367524 /* UnsealTests.swift in Sources */,
			);
			runOnlyForDeploymentPostprocessing = 0;
		};
		F37A966F1D35580F00367524 /* Sources */ = {
			isa = PBXSourcesBuildPhase;
			buildActionMask = 2147483647;
			files = (
				F37A96781D35580F00367524 /* UnsealUITests.swift in Sources */,
			);
			runOnlyForDeploymentPostprocessing = 0;
		};
/* End PBXSourcesBuildPhase section */

/* Begin PBXTargetDependency section */
		F37A966A1D35580F00367524 /* PBXTargetDependency */ = {
			isa = PBXTargetDependency;
			target = F37A964F1D35580F00367524 /* Unseal */;
			targetProxy = F37A96691D35580F00367524 /* PBXContainerItemProxy */;
		};
		F37A96751D35580F00367524 /* PBXTargetDependency */ = {
			isa = PBXTargetDependency;
			target = F37A964F1D35580F00367524 /* Unseal */;
			targetProxy = F37A96741D35580F00367524 /* PBXContainerItemProxy */;
		};
/* End PBXTargetDependency section */

/* Begin PBXVariantGroup section */
		F37A965B1D35580F00367524 /* Main.storyboard */ = {
			isa = PBXVariantGroup;
			children = (
				F37A965C1D35580F00367524 /* Base */,
			);
			name = Main.storyboard;
			sourceTree = "<group>";
		};
		F37A96601D35580F00367524 /* LaunchScreen.storyboard */ = {
			isa = PBXVariantGroup;
			children = (
				F37A96611D35580F00367524 /* Base */,
			);
			name = LaunchScreen.storyboard;
			sourceTree = "<group>";
		};
/* End PBXVariantGroup section */

/* Begin XCBuildConfiguration section */
		F37A967A1D35580F00367524 /* Debug */ = {
			isa = XCBuildConfiguration;
			buildSettings = {
				ALWAYS_SEARCH_USER_PATHS = NO;
				CLANG_ANALYZER_NONNULL = YES;
				CLANG_CXX_LANGUAGE_STANDARD = "gnu++0x";
				CLANG_CXX_LIBRARY = "libc++";
				CLANG_ENABLE_MODULES = YES;
				CLANG_ENABLE_OBJC_ARC = YES;
				CLANG_WARN_BOOL_CONVERSION = YES;
				CLANG_WARN_CONSTANT_CONVERSION = YES;
				CLANG_WARN_DIRECT_OBJC_ISA_USAGE = YES_ERROR;
				CLANG_WARN_EMPTY_BODY = YES;
				CLANG_WARN_ENUM_CONVERSION = YES;
				CLANG_WARN_INT_CONVERSION = YES;
				CLANG_WARN_OBJC_ROOT_CLASS = YES_ERROR;
				CLANG_WARN_UNREACHABLE_CODE = YES;
				CLANG_WARN__DUPLICATE_METHOD_MATCH = YES;
				"CODE_SIGN_IDENTITY[sdk=iphoneos*]" = "iPhone Developer";
				COPY_PHASE_STRIP = NO;
				DEBUG_INFORMATION_FORMAT = "dwarf-with-dsym";
				ENABLE_STRICT_OBJC_MSGSEND = YES;
				ENABLE_TESTABILITY = YES;
				GCC_C_LANGUAGE_STANDARD = gnu99;
				GCC_DYNAMIC_NO_PIC = NO;
				GCC_NO_COMMON_BLOCKS = YES;
				GCC_OPTIMIZATION_LEVEL = 0;
				GCC_PREPROCESSOR_DEFINITIONS = (
					"DEBUG=1",
					"$(inherited)",
				);
				GCC_WARN_64_TO_32_BIT_CONVERSION = YES;
				GCC_WARN_ABOUT_RETURN_TYPE = YES_ERROR;
				GCC_WARN_UNDECLARED_SELECTOR = YES;
				GCC_WARN_UNINITIALIZED_AUTOS = YES_AGGRESSIVE;
				GCC_WARN_UNUSED_FUNCTION = YES;
				GCC_WARN_UNUSED_VARIABLE = YES;
				IPHONEOS_DEPLOYMENT_TARGET = 9.3;
				MTL_ENABLE_DEBUG_INFO = YES;
				ONLY_ACTIVE_ARCH = YES;
				SDKROOT = iphoneos;
				SWIFT_OPTIMIZATION_LEVEL = "-Onone";
				TARGETED_DEVICE_FAMILY = "1,2";
			};
			name = Debug;
		};
		F37A967B1D35580F00367524 /* Release */ = {
			isa = XCBuildConfiguration;
			buildSettings = {
				ALWAYS_SEARCH_USER_PATHS = NO;
				CLANG_ANALYZER_NONNULL = YES;
				CLANG_CXX_LANGUAGE_STANDARD = "gnu++0x";
				CLANG_CXX_LIBRARY = "libc++";
				CLANG_ENABLE_MODULES = YES;
				CLANG_ENABLE_OBJC_ARC = YES;
				CLANG_WARN_BOOL_CONVERSION = YES;
				CLANG_WARN_CONSTANT_CONVERSION = YES;
				CLANG_WARN_DIRECT_OBJC_ISA_USAGE = YES_ERROR;
				CLANG_WARN_EMPTY_BODY = YES;
				CLANG_WARN_ENUM_CONVERSION = YES;
				CLANG_WARN_INT_CONVERSION = YES;
				CLANG_WARN_OBJC_ROOT_CLASS = YES_ERROR;
				CLANG_WARN_UNREACHABLE_CODE = YES;
				CLANG_WARN__DUPLICATE_METHOD_MATCH = YES;
				"CODE_SIGN_IDENTITY[sdk=iphoneos*]" = "iPhone Developer";
				COPY_PHASE_STRIP = NO;
				DEBUG_INFORMATION_FORMAT = "dwarf-with-dsym";
				ENABLE_NS_ASSERTIONS = NO;
				ENABLE_STRICT_OBJC_MSGSEND = YES;
				GCC_C_LANGUAGE_STANDARD = gnu99;
				GCC_NO_COMMON_BLOCKS = YES;
				GCC_WARN_64_TO_32_BIT_CONVERSION = YES;
				GCC_WARN_ABOUT_RETURN_TYPE = YES_ERROR;
				GCC_WARN_UNDECLARED_SELECTOR = YES;
				GCC_WARN_UNINITIALIZED_AUTOS = YES_AGGRESSIVE;
				GCC_WARN_UNUSED_FUNCTION = YES;
				GCC_WARN_UNUSED_VARIABLE = YES;
				IPHONEOS_DEPLOYMENT_TARGET = 9.3;
				MTL_ENABLE_DEBUG_INFO = NO;
				SDKROOT = iphoneos;
				TARGETED_DEVICE_FAMILY = "1,2";
				VALIDATE_PRODUCT = YES;
			};
			name = Release;
		};
		F37A967D1D35580F00367524 /* Debug */ = {
			isa = XCBuildConfiguration;
			buildSettings = {
				ASSETCATALOG_COMPILER_APPICON_NAME = AppIcon;
				CODE_SIGN_IDENTITY = "iPhone Developer";
				"CODE_SIGN_IDENTITY[sdk=iphoneos*]" = "iPhone Developer";
				INFOPLIST_FILE = Unseal/Info.plist;
				LD_RUNPATH_SEARCH_PATHS = "$(inherited) @executable_path/Frameworks";
				PRODUCT_BUNDLE_IDENTIFIER = com.makeschool.Unseal;
				PRODUCT_NAME = "$(TARGET_NAME)";
				PROVISIONING_PROFILE = "";
			};
			name = Debug;
		};
		F37A967E1D35580F00367524 /* Release */ = {
			isa = XCBuildConfiguration;
			buildSettings = {
				ASSETCATALOG_COMPILER_APPICON_NAME = AppIcon;
				CODE_SIGN_IDENTITY = "iPhone Developer";
				"CODE_SIGN_IDENTITY[sdk=iphoneos*]" = "iPhone Developer";
				INFOPLIST_FILE = Unseal/Info.plist;
				LD_RUNPATH_SEARCH_PATHS = "$(inherited) @executable_path/Frameworks";
				PRODUCT_BUNDLE_IDENTIFIER = com.makeschool.Unseal;
				PRODUCT_NAME = "$(TARGET_NAME)";
				PROVISIONING_PROFILE = "";
			};
			name = Release;
		};
		F37A96801D35580F00367524 /* Debug */ = {
			isa = XCBuildConfiguration;
			buildSettings = {
				BUNDLE_LOADER = "$(TEST_HOST)";
				DEBUG_INFORMATION_FORMAT = dwarf;
				INFOPLIST_FILE = UnsealTests/Info.plist;
				LD_RUNPATH_SEARCH_PATHS = "$(inherited) @executable_path/Frameworks @loader_path/Frameworks";
				PRODUCT_BUNDLE_IDENTIFIER = com.makeschool.UnsealTests;
				PRODUCT_NAME = "$(TARGET_NAME)";
				TEST_HOST = "$(BUILT_PRODUCTS_DIR)/Unseal.app/Unseal";
			};
			name = Debug;
		};
		F37A96811D35580F00367524 /* Release */ = {
			isa = XCBuildConfiguration;
			buildSettings = {
				BUNDLE_LOADER = "$(TEST_HOST)";
				INFOPLIST_FILE = UnsealTests/Info.plist;
				LD_RUNPATH_SEARCH_PATHS = "$(inherited) @executable_path/Frameworks @loader_path/Frameworks";
				PRODUCT_BUNDLE_IDENTIFIER = com.makeschool.UnsealTests;
				PRODUCT_NAME = "$(TARGET_NAME)";
				TEST_HOST = "$(BUILT_PRODUCTS_DIR)/Unseal.app/Unseal";
			};
			name = Release;
		};
		F37A96831D35580F00367524 /* Debug */ = {
			isa = XCBuildConfiguration;
			buildSettings = {
				DEBUG_INFORMATION_FORMAT = dwarf;
				INFOPLIST_FILE = UnsealUITests/Info.plist;
				LD_RUNPATH_SEARCH_PATHS = "$(inherited) @executable_path/Frameworks @loader_path/Frameworks";
				PRODUCT_BUNDLE_IDENTIFIER = com.makeschool.UnsealUITests;
				PRODUCT_NAME = "$(TARGET_NAME)";
				TEST_TARGET_NAME = Unseal;
			};
			name = Debug;
		};
		F37A96841D35580F00367524 /* Release */ = {
			isa = XCBuildConfiguration;
			buildSettings = {
				INFOPLIST_FILE = UnsealUITests/Info.plist;
				LD_RUNPATH_SEARCH_PATHS = "$(inherited) @executable_path/Frameworks @loader_path/Frameworks";
				PRODUCT_BUNDLE_IDENTIFIER = com.makeschool.UnsealUITests;
				PRODUCT_NAME = "$(TARGET_NAME)";
				TEST_TARGET_NAME = Unseal;
			};
			name = Release;
		};
/* End XCBuildConfiguration section */

/* Begin XCConfigurationList section */
		F37A964B1D35580F00367524 /* Build configuration list for PBXProject "Unseal" */ = {
			isa = XCConfigurationList;
			buildConfigurations = (
				F37A967A1D35580F00367524 /* Debug */,
				F37A967B1D35580F00367524 /* Release */,
			);
			defaultConfigurationIsVisible = 0;
			defaultConfigurationName = Release;
		};
		F37A967C1D35580F00367524 /* Build configuration list for PBXNativeTarget "Unseal" */ = {
			isa = XCConfigurationList;
			buildConfigurations = (
				F37A967D1D35580F00367524 /* Debug */,
				F37A967E1D35580F00367524 /* Release */,
			);
			defaultConfigurationIsVisible = 0;
			defaultConfigurationName = Release;
		};
		F37A967F1D35580F00367524 /* Build configuration list for PBXNativeTarget "UnsealTests" */ = {
			isa = XCConfigurationList;
			buildConfigurations = (
				F37A96801D35580F00367524 /* Debug */,
				F37A96811D35580F00367524 /* Release */,
			);
			defaultConfigurationIsVisible = 0;
			defaultConfigurationName = Release;
		};
		F37A96821D35580F00367524 /* Build configuration list for PBXNativeTarget "UnsealUITests" */ = {
			isa = XCConfigurationList;
			buildConfigurations = (
				F37A96831D35580F00367524 /* Debug */,
				F37A96841D35580F00367524 /* Release */,
			);
			defaultConfigurationIsVisible = 0;
			defaultConfigurationName = Release;
		};
/* End XCConfigurationList section */
	};
	rootObject = F37A96481D35580F00367524 /* Project object */;
}
